
Microsoft Visual Studio Solution File, Format Version 12.00
# Visual Studio Version 16
VisualStudioVersion = 16.0.31019.35
MinimumVisualStudioVersion = 10.0.40219.1
Project("{FAE04EC0-301F-11D3-BF4B-00C04F79EFBC}") = "Interval List Intersections", "Interval List Intersections\Interval List Intersections.csproj", "{B4B5DAED-0EF2-48E1-AD2A-8D2788249482}"
EndProject
Global
	GlobalSection(SolutionConfigurationPlatforms) = preSolution
		Debug|Any CPU = Debug|Any CPU
		Release|Any CPU = Release|Any CPU
	EndGlobalSection
	GlobalSection(ProjectConfigurationPlatforms) = postSolution
		{B4B5DAED-0EF2-48E1-AD2A-8D2788249482}.Debug|Any CPU.ActiveCfg = Debug|Any CPU
		{B4B5DAED-0EF2-48E1-AD2A-8D2788249482}.Debug|Any CPU.Build.0 = Debug|Any CPU
		{B4B5DAED-0EF2-48E1-AD2A-8D2788249482}.Release|Any CPU.ActiveCfg = Release|Any CPU
		{B4B5DAED-0EF2-48E1-AD2A-8D2788249482}.Release|Any CPU.Build.0 = Release|Any CPU
	EndGlobalSection
	GlobalSection(SolutionProperties) = preSolution
		HideSolutionNode = FALSE
	EndGlobalSection
	GlobalSection(ExtensibilityGlobals) = postSolution
		SolutionGuid = {D8F7F838-02CD-4DB9-A9AE-AA9D0345F6DF}
	EndGlobalSection
EndGlobal
